{
  "name": "serverless-dns",
  "version": "1.0.0",
  "lockfileVersion": 1,
  "requires": true,
  "dependencies": {
    "@serverless-dns/blocklist-wrapper": {
      "version": "1.0.2",
      "resolved": "https://registry.npmjs.org/@serverless-dns/blocklist-wrapper/-/blocklist-wrapper-1.0.2.tgz",
      "integrity": "sha512-f+kIa9gjDCGS4hnDt1HXfs9SlONCaB0FUWeCTXseM1R3U1FLX3cfPi3EQ3qULEGZJOeRw8jY+1A4FQgxYbii2Q=="
    },
    "@serverless-dns/cache-wrapper": {
      "version": "1.0.0",
      "resolved": "https://registry.npmjs.org/@serverless-dns/cache-wrapper/-/cache-wrapper-1.0.0.tgz",
      "integrity": "sha512-q4XXTThNP48TIQEPaJc4opo4zuNAxjSVTLlBqsR/K0hJXPUspQHDXqlNZshqlU80mOdzf2z/cwkueYpYLZr94A=="
    },
    "@serverless-dns/command-control": {
      "version": "1.0.0",
      "resolved": "https://registry.npmjs.org/@serverless-dns/command-control/-/command-control-1.0.0.tgz",
      "integrity": "sha512-ENc/qeD/hT2Fv358dXJSwOVOUWDdqT8Pf4FiyXHZBZ4VR5YtICGaZvacZicVpjuLkGlsViYrSZNPH0QgVvp5jw=="
    },
    "@serverless-dns/count-min-sketch": {
      "version": "1.0.0",
      "resolved": "https://registry.npmjs.org/@serverless-dns/count-min-sketch/-/count-min-sketch-1.0.0.tgz",
      "integrity": "sha512-N7nhIsfr7R5j36WEg0R8WCfLT1vQrnw+R4myFK3uYHsKj+KiTtBGghgQ6sCc6BukDw1cZuTE2e5JbHB00hbt6A=="
    },
    "@serverless-dns/dns-blocker": {
      "version": "1.0.3",
      "resolved": "https://registry.npmjs.org/@serverless-dns/dns-blocker/-/dns-blocker-1.0.3.tgz",
      "integrity": "sha512-cwsZHmigr1p7cZh9O63i1T1OqtoY/vOPoqCH21mi67VXD1FSQBXQnm2chKtMn9ks4OC6NX7NYE4EyqR+VX2gSw=="
    },
    "@serverless-dns/dns-parser": {
      "version": "1.0.1",
      "resolved": "https://registry.npmjs.org/@serverless-dns/dns-parser/-/dns-parser-1.0.1.tgz",
      "integrity": "sha512-Ij5f3WQn5G6HC9YO8FofhsymERrukj4+63yCp1AdNJbDAGwwkaC7iRRKZ9o+qArSR8GBahIuEVSUxmN5GakunA==",
      "requires": {
        "ip": "^1.1.5"
      }
    },
    "@serverless-dns/error": {
      "version": "1.0.0",
      "resolved": "https://registry.npmjs.org/@serverless-dns/error/-/error-1.0.0.tgz",
      "integrity": "sha512-MkA2d/NY1pRjkZeA+7mZ/xXe0F2hx6/Pp3BfpewGXrM3uUmqsxScElJ0HSDJVDQ97U9zF09H3Bv8ZftmExlmHg=="
    },
    "@serverless-dns/free-user": {
      "version": "1.0.1",
      "resolved": "https://registry.npmjs.org/@serverless-dns/free-user/-/free-user-1.0.1.tgz",
      "integrity": "sha512-KgNx0dzO9D12Kt+d40GchDEAxNAbt7Da1NGVyqxQQW0PRQN/UID84JptvoJGmBqQbpIZ0YhoYt/nanzfbbvRLg=="
    },
    "@serverless-dns/globalcontext": {
      "version": "1.0.2",
      "resolved": "https://registry.npmjs.org/@serverless-dns/globalcontext/-/globalcontext-1.0.2.tgz",
      "integrity": "sha512-vmUSP3OZpRtNUfElaptCZYqIdPIl2c3Y/aNkrYyZY1I4aQXefG+ImBAFfAY99KGn/45laPgTVXG/9SZEFMP3aQ=="
    },
    "@serverless-dns/lfu-cache": {
      "version": "1.0.0",
      "resolved": "https://registry.npmjs.org/@serverless-dns/lfu-cache/-/lfu-cache-1.0.0.tgz",
      "integrity": "sha512-+HsmxwT9VPPlsaHTWUkAWtK+pZ+WVMt5T4w89LE3NO5clOxjC7tWVhSagWRBb/G2qyQvMpICZREO6I/Z1cPCXw=="
    },
    "@serverless-dns/single-request": {
      "version": "1.0.4",
      "resolved": "https://registry.npmjs.org/@serverless-dns/single-request/-/single-request-1.0.4.tgz",
      "integrity": "sha512-Heu0SUpuDrUNcGdpPR6GFTVw//WLHdYjA0+zMu6Pf744+P2lFZqyjoCccx5kWWXG4GMol8RYT0BNXL+iS1SVfQ=="
    },
    "ip": {
      "version": "1.1.5",
      "resolved": "https://registry.npmjs.org/ip/-/ip-1.1.5.tgz",
      "integrity": "sha1-vd7XARQpCCjAoDnnLvJfWq7ENUo="
    }
  }
}
