{
  "name": "serverless-dns",
  "version": "1.0.0",
  "lockfileVersion": 1,
  "requires": true,
  "dependencies": {
    "@serverless-dns/blocklist-wrapper": {
      "version": "1.0.5",
      "resolved": "https://registry.npmjs.org/@serverless-dns/blocklist-wrapper/-/blocklist-wrapper-1.0.5.tgz",
      "integrity": "sha512-8W2Avttn7uUXeWSm9Miv4Jjskn257TgnO69u9eN3hQDRwsYhnBM+PNJEuh2oBFTPnQlEuh34202HK3sVv/hkHA=="
    },
    "@serverless-dns/cache-wrapper": {
      "version": "1.0.0",
      "resolved": "https://registry.npmjs.org/@serverless-dns/cache-wrapper/-/cache-wrapper-1.0.0.tgz",
      "integrity": "sha512-q4XXTThNP48TIQEPaJc4opo4zuNAxjSVTLlBqsR/K0hJXPUspQHDXqlNZshqlU80mOdzf2z/cwkueYpYLZr94A=="
    },
    "@serverless-dns/command-control": {
      "version": "1.0.5",
      "resolved": "https://registry.npmjs.org/@serverless-dns/command-control/-/command-control-1.0.5.tgz",
      "integrity": "sha512-U6qz3PWeubevM2WzS+Gfn47oRiw91cEj4Ra2yM4wdKBWa9c8S4iYPEpux5sR/scnlDA9ipeclRCflSERcLnZmA=="
    },
    "@serverless-dns/count-min-sketch": {
      "version": "1.0.1",
      "resolved": "https://registry.npmjs.org/@serverless-dns/count-min-sketch/-/count-min-sketch-1.0.1.tgz",
      "integrity": "sha512-oFBzSJvHPqz8K/jISqPML7Sbwfz7ueqNGkJdViUAz6jMIVgSEDLS/PTMaHujLyN5r/EmDqGp6DLXTvrZykE4gA==",
      "requires": {
        "k-hash": "~0.0.0"
      }
    },
    "@serverless-dns/dns-blocker": {
      "version": "1.0.6",
      "resolved": "https://registry.npmjs.org/@serverless-dns/dns-blocker/-/dns-blocker-1.0.6.tgz",
      "integrity": "sha512-VKsfV4bDaXN+0TObbFov2mGaF2jtYryiYQpzhGGa818OklpHN7GcSSzSVbhWSu4Ee5PjgbjZqgBYf6xmSZN0xg=="
    },
    "@serverless-dns/dns-parser": {
      "version": "1.0.1",
      "resolved": "https://registry.npmjs.org/@serverless-dns/dns-parser/-/dns-parser-1.0.1.tgz",
      "integrity": "sha512-Ij5f3WQn5G6HC9YO8FofhsymERrukj4+63yCp1AdNJbDAGwwkaC7iRRKZ9o+qArSR8GBahIuEVSUxmN5GakunA==",
      "requires": {
        "ip": "^1.1.5"
      }
    },
    "@serverless-dns/error": {
      "version": "1.0.0",
      "resolved": "https://registry.npmjs.org/@serverless-dns/error/-/error-1.0.0.tgz",
      "integrity": "sha512-MkA2d/NY1pRjkZeA+7mZ/xXe0F2hx6/Pp3BfpewGXrM3uUmqsxScElJ0HSDJVDQ97U9zF09H3Bv8ZftmExlmHg=="
    },
    "@serverless-dns/free-user": {
      "version": "1.0.1",
      "resolved": "https://registry.npmjs.org/@serverless-dns/free-user/-/free-user-1.0.1.tgz",
      "integrity": "sha512-KgNx0dzO9D12Kt+d40GchDEAxNAbt7Da1NGVyqxQQW0PRQN/UID84JptvoJGmBqQbpIZ0YhoYt/nanzfbbvRLg=="
    },
    "@serverless-dns/globalcontext": {
      "version": "1.0.3",
      "resolved": "https://registry.npmjs.org/@serverless-dns/globalcontext/-/globalcontext-1.0.3.tgz",
      "integrity": "sha512-XK8iz43YMI1kuXdVlt4auTqFDc1TMP9W5in/IprZkanZH1YafLtvhwPoxEX7hG91/fUwUmFV5PbzAGchrN9X5Q=="
    },
    "@serverless-dns/lfu-cache": {
      "version": "1.0.0",
      "resolved": "https://registry.npmjs.org/@serverless-dns/lfu-cache/-/lfu-cache-1.0.0.tgz",
      "integrity": "sha512-+HsmxwT9VPPlsaHTWUkAWtK+pZ+WVMt5T4w89LE3NO5clOxjC7tWVhSagWRBb/G2qyQvMpICZREO6I/Z1cPCXw=="
    },
    "@serverless-dns/single-request": {
      "version": "1.0.8",
      "resolved": "https://registry.npmjs.org/@serverless-dns/single-request/-/single-request-1.0.8.tgz",
      "integrity": "sha512-beI1qWomKepgFX29EqUdnRD4+QmobzyRj25oyvpqrvw9nqJoNn7+PlTnCC4BdwQHvNvo/ZnbqsyjErwDBfrgnA=="
    },
    "hash-int": {
      "version": "0.0.0",
      "resolved": "https://registry.npmjs.org/hash-int/-/hash-int-0.0.0.tgz",
      "integrity": "sha1-6YsutmBrvI9r0/QpmmnyRT3GyFo="
    },
    "ip": {
      "version": "1.1.5",
      "resolved": "https://registry.npmjs.org/ip/-/ip-1.1.5.tgz",
      "integrity": "sha1-vd7XARQpCCjAoDnnLvJfWq7ENUo="
    },
    "k-hash": {
      "version": "0.0.0",
      "resolved": "https://registry.npmjs.org/k-hash/-/k-hash-0.0.0.tgz",
      "integrity": "sha1-73jdrOxmesdENuJ8O3+al1dpGDA=",
      "requires": {
        "hash-int": "~0.0.0",
        "murmurhash-js": "~0.0.1"
      }
    },
    "murmurhash-js": {
      "version": "0.0.1",
      "resolved": "https://registry.npmjs.org/murmurhash-js/-/murmurhash-js-0.0.1.tgz",
      "integrity": "sha1-FF2FZ3NyHnZ0KVMarv73BsBmkBU="
    }
  }
}
